
Microsoft Visual Studio Solution File, Format Version 12.00
# Visual Studio Version 17
VisualStudioVersion = 17.5.33627.172
MinimumVisualStudioVersion = 10.0.40219.1
Project("{9A19103F-16F7-4668-BE54-9A1E7A4F7556}") = "ToDoApp.Api", "ToDoApp.Api\ToDoApp.Api.csproj", "{8243A794-4EFF-45C4-829D-DE6832F2D8CE}"
EndProject
Project("{E53339B2-1760-4266-BCC7-CA923CBCF16C}") = "docker-compose", "ToDoApp.Compose\docker-compose.dcproj", "{2FC97A5B-12D1-4D96-BB90-E40F29A78FCA}"
EndProject
Project("{9A19103F-16F7-4668-BE54-9A1E7A4F7556}") = "ToDoApp.Common", "ToDoApp.Common\ToDoApp.Common.csproj", "{0EED78BE-235B-402C-AD55-46E5CD68C814}"
EndProject
Project("{9A19103F-16F7-4668-BE54-9A1E7A4F7556}") = "ToDoApp.Bll", "ToDoApp.Bll\ToDoApp.Bll.csproj", "{17D34758-DDA3-46E2-A567-F5BF2EC4ECFE}"
EndProject
Project("{9A19103F-16F7-4668-BE54-9A1E7A4F7556}") = "ToDoApp.Storage.MongoDb", "ToDoApp.Storage.MongoDb\ToDoApp.Storage.MongoDb.csproj", "{8D745E1C-C287-42F4-A52D-B53829545A93}"
EndProject
Project("{9A19103F-16F7-4668-BE54-9A1E7A4F7556}") = "ToDoApp.Api.Tests", "ToDoApp.Api.Tests\ToDoApp.Api.Tests.csproj", "{2C761A1A-171C-4306-B881-C81A594AE55A}"
EndProject
Project("{2150E333-8FDC-42A3-9474-1A3956D46DE8}") = "Solution Items", "Solution Items", "{C0E68D29-6B3C-4B50-BC57-2D96974F979B}"
	ProjectSection(SolutionItems) = preProject
		.editorconfig = .editorconfig
		Directory.Build.props = Directory.Build.props
	EndProjectSection
EndProject
Global
	GlobalSection(SolutionConfigurationPlatforms) = preSolution
		Debug|Any CPU = Debug|Any CPU
		Release|Any CPU = Release|Any CPU
	EndGlobalSection
	GlobalSection(ProjectConfigurationPlatforms) = postSolution
		{8243A794-4EFF-45C4-829D-DE6832F2D8CE}.Debug|Any CPU.ActiveCfg = Debug|Any CPU
		{8243A794-4EFF-45C4-829D-DE6832F2D8CE}.Debug|Any CPU.Build.0 = Debug|Any CPU
		{8243A794-4EFF-45C4-829D-DE6832F2D8CE}.Release|Any CPU.ActiveCfg = Release|Any CPU
		{8243A794-4EFF-45C4-829D-DE6832F2D8CE}.Release|Any CPU.Build.0 = Release|Any CPU
		{2FC97A5B-12D1-4D96-BB90-E40F29A78FCA}.Debug|Any CPU.ActiveCfg = Debug|Any CPU
		{2FC97A5B-12D1-4D96-BB90-E40F29A78FCA}.Debug|Any CPU.Build.0 = Debug|Any CPU
		{2FC97A5B-12D1-4D96-BB90-E40F29A78FCA}.Release|Any CPU.ActiveCfg = Release|Any CPU
		{2FC97A5B-12D1-4D96-BB90-E40F29A78FCA}.Release|Any CPU.Build.0 = Release|Any CPU
		{0EED78BE-235B-402C-AD55-46E5CD68C814}.Debug|Any CPU.ActiveCfg = Debug|Any CPU
		{0EED78BE-235B-402C-AD55-46E5CD68C814}.Debug|Any CPU.Build.0 = Debug|Any CPU
		{0EED78BE-235B-402C-AD55-46E5CD68C814}.Release|Any CPU.ActiveCfg = Release|Any CPU
		{0EED78BE-235B-402C-AD55-46E5CD68C814}.Release|Any CPU.Build.0 = Release|Any CPU
		{17D34758-DDA3-46E2-A567-F5BF2EC4ECFE}.Debug|Any CPU.ActiveCfg = Debug|Any CPU
		{17D34758-DDA3-46E2-A567-F5BF2EC4ECFE}.Debug|Any CPU.Build.0 = Debug|Any CPU
		{17D34758-DDA3-46E2-A567-F5BF2EC4ECFE}.Release|Any CPU.ActiveCfg = Release|Any CPU
		{17D34758-DDA3-46E2-A567-F5BF2EC4ECFE}.Release|Any CPU.Build.0 = Release|Any CPU
		{8D745E1C-C287-42F4-A52D-B53829545A93}.Debug|Any CPU.ActiveCfg = Debug|Any CPU
		{8D745E1C-C287-42F4-A52D-B53829545A93}.Debug|Any CPU.Build.0 = Debug|Any CPU
		{8D745E1C-C287-42F4-A52D-B53829545A93}.Release|Any CPU.ActiveCfg = Release|Any CPU
		{8D745E1C-C287-42F4-A52D-B53829545A93}.Release|Any CPU.Build.0 = Release|Any CPU
		{2C761A1A-171C-4306-B881-C81A594AE55A}.Debug|Any CPU.ActiveCfg = Debug|Any CPU
		{2C761A1A-171C-4306-B881-C81A594AE55A}.Debug|Any CPU.Build.0 = Debug|Any CPU
		{2C761A1A-171C-4306-B881-C81A594AE55A}.Release|Any CPU.ActiveCfg = Release|Any CPU
		{2C761A1A-171C-4306-B881-C81A594AE55A}.Release|Any CPU.Build.0 = Release|Any CPU
	EndGlobalSection
	GlobalSection(SolutionProperties) = preSolution
		HideSolutionNode = FALSE
	EndGlobalSection
	GlobalSection(ExtensibilityGlobals) = postSolution
		SolutionGuid = {A7AF8EB5-9C41-490B-8A09-36A40FA1D9C9}
	EndGlobalSection
EndGlobal
